// !$*UTF8*$!
{
	archiveVersion = 1;
	classes = {
	};
	objectVersion = 50;
	objects = {

/* Begin PBXBuildFile section */
		9CB213B426B63B670081C4F2 /* AppDelegate.swift in Sources */ = {isa = PBXBuildFile; fileRef = 9CB213B326B63B670081C4F2 /* AppDelegate.swift */; };
		9CB213B626B63B670081C4F2 /* SceneDelegate.swift in Sources */ = {isa = PBXBuildFile; fileRef = 9CB213B526B63B670081C4F2 /* SceneDelegate.swift */; };
		9CB213B826B63B670081C4F2 /* ViewController.swift in Sources */ = {isa = PBXBuildFile; fileRef = 9CB213B726B63B670081C4F2 /* ViewController.swift */; };
		9CB213BA26B63B670081C4F2 /* Main.storyboard in Resources */ = {isa = PBXBuildFile; fileRef = 9CB213B926B63B670081C4F2 /* Main.storyboard */; };
		9CB213BC26B63B670081C4F2 /* Assets.xcassets in Resources */ = {isa = PBXBuildFile; fileRef = 9CB213BB26B63B670081C4F2 /* Assets.xcassets */; };
/* End PBXBuildFile section */

/* Begin PBXFileReference section */
		9CB213B126B63B670081C4F2 /* InstagramClone.app */ = {isa = PBXFileReference; explicitFileType = wrapper.application; includeInIndex = 0; path = InstagramClone.app; sourceTree = BUILT_PRODUCTS_DIR; };
		9CB213B226B63B670081C4F2 /* Info.plist */ = {isa = PBXFileReference; lastKnownFileType = text.plist.xml; path = Info.plist; sourceTree = "<group>"; };
		9CB213B326B63B670081C4F2 /* AppDelegate.swift */ = {isa = PBXFileReference; lastKnownFileType = sourcecode.swift; path = AppDelegate.swift; sourceTree = "<group>"; };
		9CB213B526B63B670081C4F2 /* SceneDelegate.swift */ = {isa = PBXFileReference; lastKnownFileType = sourcecode.swift; path = SceneDelegate.swift; sourceTree = "<group>"; };
		9CB213B726B63B670081C4F2 /* ViewController.swift */ = {isa = PBXFileReference; lastKnownFileType = sourcecode.swift; path = ViewController.swift; sourceTree = "<group>"; };
		9CB213B926B63B670081C4F2 /* Main.storyboard */ = {isa = PBXFileReference; lastKnownFileType = file.storyboard; path = Main.storyboard; sourceTree = "<group>"; };
		9CB213BB26B63B670081C4F2 /* Assets.xcassets */ = {isa = PBXFileReference; lastKnownFileType = folder.assetcatalog; path = Assets.xcassets; sourceTree = "<group>"; };
		9CB213BE26B63B670081C4F2 /* Base */ = {isa = PBXFileReference; lastKnownFileType = file.storyboard; name = Base; path = Base.lproj/Main.storyboard; sourceTree = "<group>"; };
		9CB213C126B63B670081C4F2 /* InstagramClone.entitlements */ = {isa = PBXFileReference; lastKnownFileType = text.plist.xml; path = InstagramClone.entitlements; sourceTree = "<group>"; };
/* End PBXFileReference section */

/* Begin PBXGroup section */
		9CB213AE26B63B670081C4F2 /* InstagramClone */ = {
			isa = PBXGroup;
			children = (
				9CB213B326B63B670081C4F2 /* AppDelegate.swift */,
				9CB213B526B63B670081C4F2 /* SceneDelegate.swift */,
				9CB213B726B63B670081C4F2 /* ViewController.swift */,
				9CB213B926B63B670081C4F2 /* Main.storyboard */,
				9CB213BB26B63B670081C4F2 /* Assets.xcassets */,
				9CB213B226B63B670081C4F2 /* Info.plist */,
				9CB213C126B63B670081C4F2 /* InstagramClone.entitlements */,
			);
			path = InstagramClone;
			sourceTree = "<group>";
		};
		9CB213AD26B63B670081C4F2 /* Products */ = {
			isa = PBXGroup;
			children = (
				9CB213B126B63B670081C4F2 /* InstagramClone.app */,
			);
			name = Products;
			sourceTree = "<group>";
		};
		9CB213BD26B63B670081C4F2 /* Main.storyboard */ = {
			isa = PBXGroup;
			children = (
				9CB213BE26B63B670081C4F2 /* Base */,
			);
			name = Main.storyboard;
			sourceTree = "<group>";
		};
		9CB213AC26B63B670081C4F2 /* CustomTemplate */ = {
			isa = PBXGroup;
			children = (
				9CB213AE26B63B670081C4F2 /* InstagramClone */,
				9CB213AD26B63B670081C4F2 /* Products */,
				9CB213C026B63B670081C4F2 /* Frameworks */,
			);
			sourceTree = "<group>";
		};
		9CB213C026B63B670081C4F2 /* Frameworks */ = {
			isa = PBXGroup;
			children = (
			);
			name = Frameworks;
			sourceTree = "<group>";
		};
/* End PBXGroup section */

/* Begin PBXNativeTarget section */
		9CB213B026B63B670081C4F2 /* InstagramClone */ = {
			isa = PBXNativeTarget;
			buildConfigurationList = 9CB213C626B63B670081C4F2 /* Build configuration list for PBXNativeTarget "InstagramClone" */;
			buildPhases = (
				9CB213AF26B63B670081C4F2 /* Sources */,
				9CB213AB26B63B670081C4F2 /* Resources */,
			);
			buildRules = (
			);
			dependencies = (
			);
			name = InstagramClone;
			productName = InstagramClone;
			productReference = 9CB213B126B63B670081C4F2 /* InstagramClone.app */;
			productType = "com.apple.product-type.application";
		};
/* End PBXNativeTarget section */

/* Begin PBXProject section */
		9CB213AA26B63B670081C4F2 /* Project object */ = {
			isa = PBXProject;
			attributes = {
				LastUpgradeCheck = 1210;
				ORGANIZATIONNAME = CustomTemplate;
				TargetAttributes = {
					9CB213B026B63B670081C4F2 = {
						CreatedOnToolsVersion = 12.1;
					};
				};
			};
			buildConfigurationList = 9CB213B026B63B670081C4F2 /* Build configuration list for PBXProject "InstagramClone" */;
			compatibilityVersion = "Xcode 3.2";
			developmentRegion = en;
			has} {
			isa = XCConfigurationList;
			buildConfigurations = (
				9CB213AE26B63B670081C4F2 /* Debug */,
				9CB213AF26B63B670081C4F2 /* Release */,
			);
			defaultConfigurationName = Release;
		};
		9CB213AE26B63B670081C4F2 /* Debug */ = {
			isa = XCBuildConfiguration;
			buildSettings = {
				ASSETCATALOG_COMPILER_APPICON_NAME = AppIcon;
				CODE_SIGN_ENTITLEMENTS = InstagramClone/InstagramClone.entitlements;
				CODE_SIGN_IDENTITY = "Apple Development";
				DEVELOPMENT_TEAM = "";
				ENABLE_BITCODE = NO;
				INFOPLIST_FILE = InstagramClone/Info.plist;
				LD_RUNPATH_SEARCH_PATHS = "$(inherited) @executable_path/Frameworks";
				PRODUCT_BUNDLE_IDENTIFIER = com.CustomTemplate.InstagramClone;
				PRODUCT_NAME = "$(TARGET_NAME)";
				SWIFT_ACTIVE_COMPILATION_CONDITIONS = DEBUG;
				SWIFT_VERSION = 5.0;
			};
			name = Debug;
		};
		9CB213AF26B63B670081C4F2 /* Release */ = {
			isa = XCBuildConfiguration;
			buildSettings = {
				ASSETCATALOG_COMPILER_APPICON_NAME = AppIcon;
				CODE_SIGN_ENTITLEMENTS = InstagramClone/InstagramClone.entitlements;
				CODE_SIGN_IDENTITY = "Apple Development";
				DEVELOPMENT_TEAM = "";
				ENABLE_BITCODE = NO;
				INFOPLIST_FILE = InstagramClone/Info.plist;
				LD_RUNPATH_SEARCH_PATHS = "$(inherited) @executable_path/Frameworks";
				PRODUCT_BUNDLE_IDENTIFIER = com.CustomTemplate.InstagramClone;
				PRODUCT_NAME = "$(TARGET_NAME)";
				SWIFT_VERSION = 5.0;
			};
			name = Release;
		};
/* End XCBuildConfiguration section */

/* Begin XCConfigurationList section */
		9CB213B026B63B670081C4F2 /* Build configuration list for PBXProject "InstagramClone" */ = {
			isa = XCConfigurationList;
			buildConfigurations = (
				9CB213AF26B63B670081C4F2 /* Debug */,
				9CB213B126B63B670081C4F2 /* Release */,
			);
			defaultConfigurationName = Release;
		};
		9CB213C626B63B670081C4F2 /* Build configuration list for PBXNativeTarget "InstagramClone" */ = {
			isa = XCConfigurationList;
			buildConfigurations = (
				9CB213C726B63B670081C4F2 /* Debug */,
				9CB213C826B63B670081C4F2 /* Release */,
			);
			defaultConfigurationName = Release;
		};
/* End XCConfigurationList section */
	};
	rootObject = 9CB213AA26B63B670081C4F2 /* Project object */;
}
